
Microsoft Visual Studio Solution File, Format Version 12.00
# Visual Studio Version 17
VisualStudioVersion = 17.6.33829.357
MinimumVisualStudioVersion = 10.0.40219.1
Project("{FAE04EC0-301F-11D3-BF4B-00C04F79EFBC}") = "Dentistry", "Dentistry\Dentistry.csproj", "{F7B8BC74-829E-4515-94A0-DE8ED7B26306}"
EndProject
Global
	GlobalSection(SolutionConfigurationPlatforms) = preSolution
		Debug|Any CPU = Debug|Any CPU
		Release|Any CPU = Release|Any CPU
	EndGlobalSection
	GlobalSection(ProjectConfigurationPlatforms) = postSolution
		{F7B8BC74-829E-4515-94A0-DE8ED7B26306}.Debug|Any CPU.ActiveCfg = Debug|Any CPU
		{F7B8BC74-829E-4515-94A0-DE8ED7B26306}.Debug|Any CPU.Build.0 = Debug|Any CPU
		{F7B8BC74-829E-4515-94A0-DE8ED7B26306}.Release|Any CPU.ActiveCfg = Release|Any CPU
		{F7B8BC74-829E-4515-94A0-DE8ED7B26306}.Release|Any CPU.Build.0 = Release|Any CPU
	EndGlobalSection
	GlobalSection(SolutionProperties) = preSolution
		HideSolutionNode = FALSE
	EndGlobalSection
	GlobalSection(ExtensibilityGlobals) = postSolution
		SolutionGuid = {FAF1B0B7-ED10-4846-AABE-B7E33E02B3A0}
	EndGlobalSection
EndGlobal
